// !$*UTF8*$!
{
	archiveVersion = 1;
	classes = {
	};
	objectVersion = 56;
	objects = {

/* Begin PBXBuildFile section */
		7C95665229A4EB9800C2354C /* AppDelegate.swift in Sources */ = {isa = PBXBuildFile; fileRef = 7C95665129A4EB9800C2354C /* AppDelegate.swift */; };
		7C95665429A4EB9800C2354C /* SceneDelegate.swift in Sources */ = {isa = PBXBuildFile; fileRef = 7C95665329A4EB9800C2354C /* SceneDelegate.swift */; };
		7C95665629A4EB9800C2354C /* ViewController.swift in Sources */ = {isa = PBXBuildFile; fileRef = 7C95665529A4EB9800C2354C /* ViewController.swift */; };
		7C95665C29A4EB9800C2354C /* iTunesAPISearch.xcdatamodeld in Sources */ = {isa = PBXBuildFile; fileRef = 7C95665A29A4EB9800C2354C /* iTunesAPISearch.xcdatamodeld */; };
		7C95665E29A4EB9900C2354C /* Assets.xcassets in Resources */ = {isa = PBXBuildFile; fileRef = 7C95665D29A4EB9900C2354C /* Assets.xcassets */; };
		7C95666129A4EB9900C2354C /* LaunchScreen.storyboard in Resources */ = {isa = PBXBuildFile; fileRef = 7C95665F29A4EB9900C2354C /* LaunchScreen.storyboard */; };
		7C95666929A4F15500C2354C /* ResultsTableViewCell.swift in Sources */ = {isa = PBXBuildFile; fileRef = 7C95666829A4F15500C2354C /* ResultsTableViewCell.swift */; };
		7C95666B29A4F31A00C2354C /* AppleStoreItem.swift in Sources */ = {isa = PBXBuildFile; fileRef = 7C95666A29A4F31A00C2354C /* AppleStoreItem.swift */; };
		7C95666D29A4F40800C2354C /* AppleStoreItemController.swift in Sources */ = {isa = PBXBuildFile; fileRef = 7C95666C29A4F40800C2354C /* AppleStoreItemController.swift */; };
/* End PBXBuildFile section */

/* Begin PBXFileReference section */
		7C95664E29A4EB9800C2354C /* iTunesAPISearch.app */ = {isa = PBXFileReference; explicitFileType = wrapper.application; includeInIndex = 0; path = iTunesAPISearch.app; sourceTree = BUILT_PRODUCTS_DIR; };
		7C95665129A4EB9800C2354C /* AppDelegate.swift */ = {isa = PBXFileReference; lastKnownFileType = sourcecode.swift; path = AppDelegate.swift; sourceTree = "<group>"; };
		7C95665329A4EB9800C2354C /* SceneDelegate.swift */ = {isa = PBXFileReference; lastKnownFileType = sourcecode.swift; path = SceneDelegate.swift; sourceTree = "<group>"; };
		7C95665529A4EB9800C2354C /* ViewController.swift */ = {isa = PBXFileReference; lastKnownFileType = sourcecode.swift; path = ViewController.swift; sourceTree = "<group>"; };
		7C95665B29A4EB9800C2354C /* iTunesAPISearch.xcdatamodel */ = {isa = PBXFileReference; lastKnownFileType = wrapper.xcdatamodel; path = iTunesAPISearch.xcdatamodel; sourceTree = "<group>"; };
		7C95665D29A4EB9900C2354C /* Assets.xcassets */ = {isa = PBXFileReference; lastKnownFileType = folder.assetcatalog; path = Assets.xcassets; sourceTree = "<group>"; };
		7C95666029A4EB9900C2354C /* Base */ = {isa = PBXFileReference; lastKnownFileType = file.storyboard; name = Base; path = Base.lproj/LaunchScreen.storyboard; sourceTree = "<group>"; };
		7C95666229A4EB9900C2354C /* Info.plist */ = {isa = PBXFileReference; lastKnownFileType = text.plist.xml; path = Info.plist; sourceTree = "<group>"; };
		7C95666829A4F15500C2354C /* ResultsTableViewCell.swift */ = {isa = PBXFileReference; lastKnownFileType = sourcecode.swift; path = ResultsTableViewCell.swift; sourceTree = "<group>"; };
		7C95666A29A4F31A00C2354C /* AppleStoreItem.swift */ = {isa = PBXFileReference; lastKnownFileType = sourcecode.swift; path = AppleStoreItem.swift; sourceTree = "<group>"; };
		7C95666C29A4F40800C2354C /* AppleStoreItemController.swift */ = {isa = PBXFileReference; lastKnownFileType = sourcecode.swift; path = AppleStoreItemController.swift; sourceTree = "<group>"; };
/* End PBXFileReference section */

/* Begin PBXFrameworksBuildPhase section */
		7C95664B29A4EB9800C2354C /* Frameworks */ = {
			isa = PBXFrameworksBuildPhase;
			buildActionMask = 2147483647;
			files = (
			);
			runOnlyForDeploymentPostprocessing = 0;
		};
/* End PBXFrameworksBuildPhase section */

/* Begin PBXGroup section */
		7C95664529A4EB9800C2354C = {
			isa = PBXGroup;
			children = (
				7C95665029A4EB9800C2354C /* iTunesAPISearch */,
				7C95664F29A4EB9800C2354C /* Products */,
			);
			sourceTree = "<group>";
		};
		7C95664F29A4EB9800C2354C /* Products */ = {
			isa = PBXGroup;
			children = (
				7C95664E29A4EB9800C2354C /* iTunesAPISearch.app */,
			);
			name = Products;
			sourceTree = "<group>";
		};
		7C95665029A4EB9800C2354C /* iTunesAPISearch */ = {
			isa = PBXGroup;
			children = (
				7C95665129A4EB9800C2354C /* AppDelegate.swift */,
				7C95665329A4EB9800C2354C /* SceneDelegate.swift */,
				7C95665D29A4EB9900C2354C /* Assets.xcassets */,
				7C95665F29A4EB9900C2354C /* LaunchScreen.storyboard */,
				7C95666229A4EB9900C2354C /* Info.plist */,
				7C95665A29A4EB9800C2354C /* iTunesAPISearch.xcdatamodeld */,
				7C95666829A4F15500C2354C /* ResultsTableViewCell.swift */,
				7C95666C29A4F40800C2354C /* AppleStoreItemController.swift */,
				7C95666A29A4F31A00C2354C /* AppleStoreItem.swift */,
				7C95665529A4EB9800C2354C /* ViewController.swift */,
			);
			path = iTunesAPISearch;
			sourceTree = "<group>";
		};
/* End PBXGroup section */

/* Begin PBXNativeTarget section */
		7C95664D29A4EB9800C2354C /* iTunesAPISearch */ = {
			isa = PBXNativeTarget;
			buildConfigurationList = 7C95666529A4EB9900C2354C /* Build configuration list for PBXNativeTarget "iTunesAPISearch" */;
			buildPhases = (
				7C95664A29A4EB9800C2354C /* Sources */,
				7C95664B29A4EB9800C2354C /* Frameworks */,
				7C95664C29A4EB9800C2354C /* Resources */,
			);
			buildRules = (
			);
			dependencies = (
			);
			name = iTunesAPISearch;
			productName = iTunesAPISearch;
			productReference = 7C95664E29A4EB9800C2354C /* iTunesAPISearch.app */;
			productType = "com.apple.product-type.application";
		};
/* End PBXNativeTarget section */

/* Begin PBXProject section */
		7C95664629A4EB9800C2354C /* Project object */ = {
			isa = PBXProject;
			attributes = {
				BuildIndependentTargetsInParallel = 1;
				LastSwiftUpdateCheck = 1420;
				LastUpgradeCheck = 1420;
				TargetAttributes = {
					7C95664D29A4EB9800C2354C = {
						CreatedOnToolsVersion = 14.2;
					};
				};
			};
			buildConfigurationList = 7C95664929A4EB9800C2354C /* Build configuration list for PBXProject "iTunesAPISearch" */;
			compatibilityVersion = "Xcode 14.0";
			developmentRegion = en;
			hasScannedForEncodings = 0;
			knownRegions = (
				en,
				Base,
			);
			mainGroup = 7C95664529A4EB9800C2354C;
			productRefGroup = 7C95664F29A4EB9800C2354C /* Products */;
			projectDirPath = "";
			projectRoot = "";
			targets = (
				7C95664D29A4EB9800C2354C /* iTunesAPISearch */,
			);
		};
/* End PBXProject section */

/* Begin PBXResourcesBuildPhase section */
		7C95664C29A4EB9800C2354C /* Resources */ = {
			isa = PBXResourcesBuildPhase;
			buildActionMask = 2147483647;
			files = (
				7C95666129A4EB9900C2354C /* LaunchScreen.storyboard in Resources */,
				7C95665E29A4EB9900C2354C /* Assets.xcassets in Resources */,
			);
			runOnlyForDeploymentPostprocessing = 0;
		};
/* End PBXResourcesBuildPhase section */

/* Begin PBXSourcesBuildPhase section */
		7C95664A29A4EB9800C2354C /* Sources */ = {
			isa = PBXSourcesBuildPhase;
			buildActionMask = 2147483647;
			files = (
				7C95666D29A4F40800C2354C /* AppleStoreItemController.swift in Sources */,
				7C95665C29A4EB9800C2354C /* iTunesAPISearch.xcdatamodeld in Sources */,
				7C95665629A4EB9800C2354C /* ViewController.swift in Sources */,
				7C95665229A4EB9800C2354C /* AppDelegate.swift in Sources */,
				7C95666B29A4F31A00C2354C /* AppleStoreItem.swift in Sources */,
				7C95665429A4EB9800C2354C /* SceneDelegate.swift in Sources */,
				7C95666929A4F15500C2354C /* ResultsTableViewCell.swift in Sources */,
			);
			runOnlyForDeploymentPostprocessing = 0;
		};
/* End PBXSourcesBuildPhase section */

/* Begin PBXVariantGroup section */
		7C95665F29A4EB9900C2354C /* LaunchScreen.storyboard */ = {
			isa = PBXVariantGroup;
			children = (
				7C95666029A4EB9900C2354C /* Base */,
			);
			name = LaunchScreen.storyboard;
			sourceTree = "<group>";
		};
/* End PBXVariantGroup section */

/* Begin XCBuildConfiguration section */
		7C95666329A4EB9900C2354C /* Debug */ = {
			isa = XCBuildConfiguration;
			buildSettings = {
				ALWAYS_SEARCH_USER_PATHS = NO;
				CLANG_ANALYZER_NONNULL = YES;
				CLANG_ANALYZER_NUMBER_OBJECT_CONVERSION = YES_AGGRESSIVE;
				CLANG_CXX_LANGUAGE_STANDARD = "gnu++20";
				CLANG_ENABLE_MODULES = YES;
				CLANG_ENABLE_OBJC_ARC = YES;
				CLANG_ENABLE_OBJC_WEAK = YES;
				CLANG_WARN_BLOCK_CAPTURE_AUTORELEASING = YES;
				CLANG_WARN_BOOL_CONVERSION = YES;
				CLANG_WARN_COMMA = YES;
				CLANG_WARN_CONSTANT_CONVERSION = YES;
				CLANG_WARN_DEPRECATED_OBJC_IMPLEMENTATIONS = YES;
				CLANG_WARN_DIRECT_OBJC_ISA_USAGE = YES_ERROR;
				CLANG_WARN_DOCUMENTATION_COMMENTS = YES;
				CLANG_WARN_EMPTY_BODY = YES;
				CLANG_WARN_ENUM_CONVERSION = YES;
				CLANG_WARN_INFINITE_RECURSION = YES;
				CLANG_WARN_INT_CONVERSION = YES;
				CLANG_WARN_NON_LITERAL_NULL_CONVERSION = YES;
				CLANG_WARN_OBJC_IMPLICIT_RETAIN_SELF = YES;
				CLANG_WARN_OBJC_LITERAL_CONVERSION = YES;
				CLANG_WARN_OBJC_ROOT_CLASS = YES_ERROR;
				CLANG_WARN_QUOTED_INCLUDE_IN_FRAMEWORK_HEADER = YES;
				CLANG_WARN_RANGE_LOOP_ANALYSIS = YES;
				CLANG_WARN_STRICT_PROTOTYPES = YES;
				CLANG_WARN_SUSPICIOUS_MOVE = YES;
				CLANG_WARN_UNGUARDED_AVAILABILITY = YES_AGGRESSIVE;
				CLANG_WARN_UNREACHABLE_CODE = YES;
				CLANG_WARN__DUPLICATE_METHOD_MATCH = YES;
				COPY_PHASE_STRIP = NO;
				DEBUG_INFORMATION_FORMAT = dwarf;
				ENABLE_STRICT_OBJC_MSGSEND = YES;
				ENABLE_TESTABILITY = YES;
				GCC_C_LANGUAGE_STANDARD = gnu11;
				GCC_DYNAMIC_NO_PIC = NO;
				GCC_NO_COMMON_BLOCKS = YES;
				GCC_OPTIMIZATION_LEVEL = 0;
				GCC_PREPROCESSOR_DEFINITIONS = (
					"DEBUG=1",
					"$(inherited)",
				);
				GCC_WARN_64_TO_32_BIT_CONVERSION = YES;
				GCC_WARN_ABOUT_RETURN_TYPE = YES_ERROR;
				GCC_WARN_UNDECLARED_SELECTOR = YES;
				GCC_WARN_UNINITIALIZED_AUTOS = YES_AGGRESSIVE;
				GCC_WARN_UNUSED_FUNCTION = YES;
				GCC_WARN_UNUSED_VARIABLE = YES;
				IPHONEOS_DEPLOYMENT_TARGET = 16.2;
				MTL_ENABLE_DEBUG_INFO = INCLUDE_SOURCE;
				MTL_FAST_MATH = YES;
				ONLY_ACTIVE_ARCH = YES;
				SDKROOT = iphoneos;
				SWIFT_ACTIVE_COMPILATION_CONDITIONS = DEBUG;
				SWIFT_OPTIMIZATION_LEVEL = "-Onone";
			};
			name = Debug;
		};
		7C95666429A4EB9900C2354C /* Release */ = {
			isa = XCBuildConfiguration;
			buildSettings = {
				ALWAYS_SEARCH_USER_PATHS = NO;
				CLANG_ANALYZER_NONNULL = YES;
				CLANG_ANALYZER_NUMBER_OBJECT_CONVERSION = YES_AGGRESSIVE;
				CLANG_CXX_LANGUAGE_STANDARD = "gnu++20";
				CLANG_ENABLE_MODULES = YES;
				CLANG_ENABLE_OBJC_ARC = YES;
				CLANG_ENABLE_OBJC_WEAK = YES;
				CLANG_WARN_BLOCK_CAPTURE_AUTORELEASING = YES;
				CLANG_WARN_BOOL_CONVERSION = YES;
				CLANG_WARN_COMMA = YES;
				CLANG_WARN_CONSTANT_CONVERSION = YES;
				CLANG_WARN_DEPRECATED_OBJC_IMPLEMENTATIONS = YES;
				CLANG_WARN_DIRECT_OBJC_ISA_USAGE = YES_ERROR;
				CLANG_WARN_DOCUMENTATION_COMMENTS = YES;
				CLANG_WARN_EMPTY_BODY = YES;
				CLANG_WARN_ENUM_CONVERSION = YES;
				CLANG_WARN_INFINITE_RECURSION = YES;
				CLANG_WARN_INT_CONVERSION = YES;
				CLANG_WARN_NON_LITERAL_NULL_CONVERSION = YES;
				CLANG_WARN_OBJC_IMPLICIT_RETAIN_SELF = YES;
				CLANG_WARN_OBJC_LITERAL_CONVERSION = YES;
				CLANG_WARN_OBJC_ROOT_CLASS = YES_ERROR;
				CLANG_WARN_QUOTED_INCLUDE_IN_FRAMEWORK_HEADER = YES;
				CLANG_WARN_RANGE_LOOP_ANALYSIS = YES;
				CLANG_WARN_STRICT_PROTOTYPES = YES;
				CLANG_WARN_SUSPICIOUS_MOVE = YES;
				CLANG_WARN_UNGUARDED_AVAILABILITY = YES_AGGRESSIVE;
				CLANG_WARN_UNREACHABLE_CODE = YES;
				CLANG_WARN__DUPLICATE_METHOD_MATCH = YES;
				COPY_PHASE_STRIP = NO;
				DEBUG_INFORMATION_FORMAT = "dwarf-with-dsym";
				ENABLE_NS_ASSERTIONS = NO;
				ENABLE_STRICT_OBJC_MSGSEND = YES;
				GCC_C_LANGUAGE_STANDARD = gnu11;
				GCC_NO_COMMON_BLOCKS = YES;
				GCC_WARN_64_TO_32_BIT_CONVERSION = YES;
				GCC_WARN_ABOUT_RETURN_TYPE = YES_ERROR;
				GCC_WARN_UNDECLARED_SELECTOR = YES;
				GCC_WARN_UNINITIALIZED_AUTOS = YES_AGGRESSIVE;
				GCC_WARN_UNUSED_FUNCTION = YES;
				GCC_WARN_UNUSED_VARIABLE = YES;
				IPHONEOS_DEPLOYMENT_TARGET = 16.2;
				MTL_ENABLE_DEBUG_INFO = NO;
				MTL_FAST_MATH = YES;
				SDKROOT = iphoneos;
				SWIFT_COMPILATION_MODE = wholemodule;
				SWIFT_OPTIMIZATION_LEVEL = "-O";
				VALIDATE_PRODUCT = YES;
			};
			name = Release;
		};
		7C95666629A4EB9900C2354C /* Debug */ = {
			isa = XCBuildConfiguration;
			buildSettings = {
				ASSETCATALOG_COMPILER_APPICON_NAME = AppIcon;
				ASSETCATALOG_COMPILER_GLOBAL_ACCENT_COLOR_NAME = AccentColor;
				CODE_SIGN_STYLE = Automatic;
				CURRENT_PROJECT_VERSION = 1;
				DEVELOPMENT_TEAM = CLM5L23Y57;
				GENERATE_INFOPLIST_FILE = YES;
				INFOPLIST_FILE = iTunesAPISearch/Info.plist;
				INFOPLIST_KEY_UIApplicationSupportsIndirectInputEvents = YES;
				INFOPLIST_KEY_UILaunchStoryboardName = LaunchScreen;
				INFOPLIST_KEY_UISupportedInterfaceOrientations_iPad = "UIInterfaceOrientationPortrait UIInterfaceOrientationPortraitUpsideDown UIInterfaceOrientationLandscapeLeft UIInterfaceOrientationLandscapeRight";
				INFOPLIST_KEY_UISupportedInterfaceOrientations_iPhone = "UIInterfaceOrientationPortrait UIInterfaceOrientationLandscapeLeft UIInterfaceOrientationLandscapeRight";
				LD_RUNPATH_SEARCH_PATHS = (
					"$(inherited)",
					"@executable_path/Frameworks",
				);
				MARKETING_VERSION = 1.0;
				PRODUCT_BUNDLE_IDENTIFIER = exercise.iTunesAPISearch;
				PRODUCT_NAME = "$(TARGET_NAME)";
				SWIFT_EMIT_LOC_STRINGS = YES;
				SWIFT_VERSION = 5.0;
				TARGETED_DEVICE_FAMILY = "1,2";
			};
			name = Debug;
		};
		7C95666729A4EB9900C2354C /* Release */ = {
			isa = XCBuildConfiguration;
			buildSettings = {
				ASSETCATALOG_COMPILER_APPICON_NAME = AppIcon;
				ASSETCATALOG_COMPILER_GLOBAL_ACCENT_COLOR_NAME = AccentColor;
				CODE_SIGN_STYLE = Automatic;
				CURRENT_PROJECT_VERSION = 1;
				DEVELOPMENT_TEAM = CLM5L23Y57;
				GENERATE_INFOPLIST_FILE = YES;
				INFOPLIST_FILE = iTunesAPISearch/Info.plist;
				INFOPLIST_KEY_UIApplicationSupportsIndirectInputEvents = YES;
				INFOPLIST_KEY_UILaunchStoryboardName = LaunchScreen;
				INFOPLIST_KEY_UISupportedInterfaceOrientations_iPad = "UIInterfaceOrientationPortrait UIInterfaceOrientationPortraitUpsideDown UIInterfaceOrientationLandscapeLeft UIInterfaceOrientationLandscapeRight";
				INFOPLIST_KEY_UISupportedInterfaceOrientations_iPhone = "UIInterfaceOrientationPortrait UIInterfaceOrientationLandscapeLeft UIInterfaceOrientationLandscapeRight";
				LD_RUNPATH_SEARCH_PATHS = (
					"$(inherited)",
					"@executable_path/Frameworks",
				);
				MARKETING_VERSION = 1.0;
				PRODUCT_BUNDLE_IDENTIFIER = exercise.iTunesAPISearch;
				PRODUCT_NAME = "$(TARGET_NAME)";
				SWIFT_EMIT_LOC_STRINGS = YES;
				SWIFT_VERSION = 5.0;
				TARGETED_DEVICE_FAMILY = "1,2";
			};
			name = Release;
		};
/* End XCBuildConfiguration section */

/* Begin XCConfigurationList section */
		7C95664929A4EB9800C2354C /* Build configuration list for PBXProject "iTunesAPISearch" */ = {
			isa = XCConfigurationList;
			buildConfigurations = (
				7C95666329A4EB9900C2354C /* Debug */,
				7C95666429A4EB9900C2354C /* Release */,
			);
			defaultConfigurationIsVisible = 0;
			defaultConfigurationName = Release;
		};
		7C95666529A4EB9900C2354C /* Build configuration list for PBXNativeTarget "iTunesAPISearch" */ = {
			isa = XCConfigurationList;
			buildConfigurations = (
				7C95666629A4EB9900C2354C /* Debug */,
				7C95666729A4EB9900C2354C /* Release */,
			);
			defaultConfigurationIsVisible = 0;
			defaultConfigurationName = Release;
		};
/* End XCConfigurationList section */

/* Begin XCVersionGroup section */
		7C95665A29A4EB9800C2354C /* iTunesAPISearch.xcdatamodeld */ = {
			isa = XCVersionGroup;
			children = (
				7C95665B29A4EB9800C2354C /* iTunesAPISearch.xcdatamodel */,
			);
			currentVersion = 7C95665B29A4EB9800C2354C /* iTunesAPISearch.xcdatamodel */;
			path = iTunesAPISearch.xcdatamodeld;
			sourceTree = "<group>";
			versionGroupType = wrapper.xcdatamodel;
		};
/* End XCVersionGroup section */
	};
	rootObject = 7C95664629A4EB9800C2354C /* Project object */;
}
